
Microsoft Visual Studio Solution File, Format Version 12.00
# Visual Studio Version 17
VisualStudioVersion = 17.8.34330.188
MinimumVisualStudioVersion = 10.0.40219.1
Project("{2150E333-8FDC-42A3-9474-1A3956D46DE8}") = "Api", "Api", "{03485B54-B603-4DBB-B9E0-D1CDCAB5198E}"
EndProject
Project("{2150E333-8FDC-42A3-9474-1A3956D46DE8}") = "Application", "Application", "{82FEDB30-5B75-482F-9514-95A03E328763}"
EndProject
Project("{2150E333-8FDC-42A3-9474-1A3956D46DE8}") = "Domain", "Domain", "{E11E613C-6456-4DDF-B176-E6BF5F6A29D5}"
EndProject
Project("{2150E333-8FDC-42A3-9474-1A3956D46DE8}") = "Infraestructure", "Infraestructure", "{CBA0BC02-1DF2-41FE-8BD6-5E95E0ECDA15}"
EndProject
Project("{2150E333-8FDC-42A3-9474-1A3956D46DE8}") = "Test", "Test", "{A9436867-075A-4223-88BC-B5A079BF6903}"
EndProject
Project("{9A19103F-16F7-4668-BE54-9A1E7A4F7556}") = "N5NOW.UserPermissions.IntegrationTests", "src\N5NOW.UserPermissions.IntegrationTests\N5NOW.UserPermissions.IntegrationTests.csproj", "{57ED4F94-BD15-4A11-BA13-D3B892FD3762}"
EndProject
Project("{9A19103F-16F7-4668-BE54-9A1E7A4F7556}") = "N5NOW.UserPermissions.UnitTests", "src\N5NOW.UserPermissions.UnitTests\N5NOW.UserPermissions.UnitTests.csproj", "{A1DBC19E-5199-4296-8FAF-02E3B8E59C38}"
EndProject
Project("{9A19103F-16F7-4668-BE54-9A1E7A4F7556}") = "N5NOW.UserPermissions.Infrastructure", "src\N5NOW.UserPermissions.Infrastructure\N5NOW.UserPermissions.Infrastructure.csproj", "{18825DCE-E5ED-4C87-88BE-369C3457BDAD}"
EndProject
Project("{9A19103F-16F7-4668-BE54-9A1E7A4F7556}") = "N5NOW.UserPermissions.Domain", "src\N5NOW.UserPermissions.Domain\N5NOW.UserPermissions.Domain.csproj", "{499A58F7-70E5-4754-A6B0-6EBD9C52DAA3}"
EndProject
Project("{9A19103F-16F7-4668-BE54-9A1E7A4F7556}") = "N5NOW.UserPermissions.Application", "src\N5NOW.UserPermissions.Application\N5NOW.UserPermissions.Application.csproj", "{96CCE101-A807-4619-854C-FE08DB171531}"
EndProject
Project("{9A19103F-16F7-4668-BE54-9A1E7A4F7556}") = "N5NOW.UserPermissions.API", "src\N5NOW.UserPermissions.API\N5NOW.UserPermissions.API.csproj", "{4C5D8289-FD57-4C28-A70E-2A7299C69132}"
EndProject
Global
	GlobalSection(SolutionConfigurationPlatforms) = preSolution
		Debug|Any CPU = Debug|Any CPU
		Release|Any CPU = Release|Any CPU
	EndGlobalSection
	GlobalSection(ProjectConfigurationPlatforms) = postSolution
		{57ED4F94-BD15-4A11-BA13-D3B892FD3762}.Debug|Any CPU.ActiveCfg = Debug|Any CPU
		{57ED4F94-BD15-4A11-BA13-D3B892FD3762}.Debug|Any CPU.Build.0 = Debug|Any CPU
		{57ED4F94-BD15-4A11-BA13-D3B892FD3762}.Release|Any CPU.ActiveCfg = Release|Any CPU
		{57ED4F94-BD15-4A11-BA13-D3B892FD3762}.Release|Any CPU.Build.0 = Release|Any CPU
		{A1DBC19E-5199-4296-8FAF-02E3B8E59C38}.Debug|Any CPU.ActiveCfg = Debug|Any CPU
		{A1DBC19E-5199-4296-8FAF-02E3B8E59C38}.Debug|Any CPU.Build.0 = Debug|Any CPU
		{A1DBC19E-5199-4296-8FAF-02E3B8E59C38}.Release|Any CPU.ActiveCfg = Release|Any CPU
		{A1DBC19E-5199-4296-8FAF-02E3B8E59C38}.Release|Any CPU.Build.0 = Release|Any CPU
		{18825DCE-E5ED-4C87-88BE-369C3457BDAD}.Debug|Any CPU.ActiveCfg = Debug|Any CPU
		{18825DCE-E5ED-4C87-88BE-369C3457BDAD}.Debug|Any CPU.Build.0 = Debug|Any CPU
		{18825DCE-E5ED-4C87-88BE-369C3457BDAD}.Release|Any CPU.ActiveCfg = Release|Any CPU
		{18825DCE-E5ED-4C87-88BE-369C3457BDAD}.Release|Any CPU.Build.0 = Release|Any CPU
		{499A58F7-70E5-4754-A6B0-6EBD9C52DAA3}.Debug|Any CPU.ActiveCfg = Debug|Any CPU
		{499A58F7-70E5-4754-A6B0-6EBD9C52DAA3}.Debug|Any CPU.Build.0 = Debug|Any CPU
		{499A58F7-70E5-4754-A6B0-6EBD9C52DAA3}.Release|Any CPU.ActiveCfg = Release|Any CPU
		{499A58F7-70E5-4754-A6B0-6EBD9C52DAA3}.Release|Any CPU.Build.0 = Release|Any CPU
		{96CCE101-A807-4619-854C-FE08DB171531}.Debug|Any CPU.ActiveCfg = Debug|Any CPU
		{96CCE101-A807-4619-854C-FE08DB171531}.Debug|Any CPU.Build.0 = Debug|Any CPU
		{96CCE101-A807-4619-854C-FE08DB171531}.Release|Any CPU.ActiveCfg = Release|Any CPU
		{96CCE101-A807-4619-854C-FE08DB171531}.Release|Any CPU.Build.0 = Release|Any CPU
		{4C5D8289-FD57-4C28-A70E-2A7299C69132}.Debug|Any CPU.ActiveCfg = Debug|Any CPU
		{4C5D8289-FD57-4C28-A70E-2A7299C69132}.Debug|Any CPU.Build.0 = Debug|Any CPU
		{4C5D8289-FD57-4C28-A70E-2A7299C69132}.Release|Any CPU.ActiveCfg = Release|Any CPU
		{4C5D8289-FD57-4C28-A70E-2A7299C69132}.Release|Any CPU.Build.0 = Release|Any CPU
	EndGlobalSection
	GlobalSection(SolutionProperties) = preSolution
		HideSolutionNode = FALSE
	EndGlobalSection
	GlobalSection(NestedProjects) = preSolution
		{57ED4F94-BD15-4A11-BA13-D3B892FD3762} = {A9436867-075A-4223-88BC-B5A079BF6903}
		{A1DBC19E-5199-4296-8FAF-02E3B8E59C38} = {A9436867-075A-4223-88BC-B5A079BF6903}
		{18825DCE-E5ED-4C87-88BE-369C3457BDAD} = {CBA0BC02-1DF2-41FE-8BD6-5E95E0ECDA15}
		{499A58F7-70E5-4754-A6B0-6EBD9C52DAA3} = {E11E613C-6456-4DDF-B176-E6BF5F6A29D5}
		{96CCE101-A807-4619-854C-FE08DB171531} = {82FEDB30-5B75-482F-9514-95A03E328763}
		{4C5D8289-FD57-4C28-A70E-2A7299C69132} = {03485B54-B603-4DBB-B9E0-D1CDCAB5198E}
	EndGlobalSection
	GlobalSection(ExtensibilityGlobals) = postSolution
		SolutionGuid = {9755A6CE-73EA-4863-94CA-30291C5E5B94}
	EndGlobalSection
EndGlobal
